
Microsoft Visual Studio Solution File, Format Version 12.00
# Visual Studio 2013
VisualStudioVersion = 12.0.30501.0
MinimumVisualStudioVersion = 10.0.40219.1
Project("{FAE04EC0-301F-11D3-BF4B-00C04F79EFBC}") = "Po-Ne", "Po-Ne\Po-Ne.csproj", "{5BF454B1-A885-4F7D-8993-AAAF59BA44DC}"
EndProject
Global
	GlobalSection(SolutionConfigurationPlatforms) = preSolution
		Debug|Any CPU = Debug|Any CPU
		Release|Any CPU = Release|Any CPU
	EndGlobalSection
	GlobalSection(ProjectConfigurationPlatforms) = postSolution
		{5BF454B1-A885-4F7D-8993-AAAF59BA44DC}.Debug|Any CPU.ActiveCfg = Debug|Any CPU
		{5BF454B1-A885-4F7D-8993-AAAF59BA44DC}.Debug|Any CPU.Build.0 = Debug|Any CPU
		{5BF454B1-A885-4F7D-8993-AAAF59BA44DC}.Release|Any CPU.ActiveCfg = Release|Any CPU
		{5BF454B1-A885-4F7D-8993-AAAF59BA44DC}.Release|Any CPU.Build.0 = Release|Any CPU
	EndGlobalSection
	GlobalSection(SolutionProperties) = preSolution
		HideSolutionNode = FALSE
	EndGlobalSection
EndGlobal
